// !$*UTF8*$!
{
	archiveVersion = 1;
	classes = {
	};
	objectVersion = 46;
	objects = {

/* Begin PBXBuildFile section */
		4B02A26666DC43AE4F056F96 /* Pods_TestRealm1.framework in Frameworks */ = {isa = PBXBuildFile; fileRef = 68F591EBA2BDAED2008BF8D4 /* Pods_TestRealm1.framework */; };
		ED3C6F6E1CFDC1B700295BFE /* Note.swift in Sources */ = {isa = PBXBuildFile; fileRef = ED3C6F6D1CFDC1B700295BFE /* Note.swift */; };
		ED49E6C91CFD90BE00C56C8C /* AppDelegate.swift in Sources */ = {isa = PBXBuildFile; fileRef = ED49E6C81CFD90BE00C56C8C /* AppDelegate.swift */; };
		ED49E6CB1CFD90BE00C56C8C /* ViewController.swift in Sources */ = {isa = PBXBuildFile; fileRef = ED49E6CA1CFD90BE00C56C8C /* ViewController.swift */; };
		ED49E6CE1CFD90BE00C56C8C /* Main.storyboard in Resources */ = {isa = PBXBuildFile; fileRef = ED49E6CC1CFD90BE00C56C8C /* Main.storyboard */; };
		ED49E6D11CFD90BE00C56C8C /* TestRealm1.xcdatamodeld in Sources */ = {isa = PBXBuildFile; fileRef = ED49E6CF1CFD90BE00C56C8C /* TestRealm1.xcdatamodeld */; };
		ED49E6D31CFD90BE00C56C8C /* Assets.xcassets in Resources */ = {isa = PBXBuildFile; fileRef = ED49E6D21CFD90BE00C56C8C /* Assets.xcassets */; };
		ED49E6D61CFD90BE00C56C8C /* LaunchScreen.storyboard in Resources */ = {isa = PBXBuildFile; fileRef = ED49E6D41CFD90BE00C56C8C /* LaunchScreen.storyboard */; };
/* End PBXBuildFile section */

/* Begin PBXFileReference section */
		64F1AEF21E8417746BD6A4A5 /* Pods-TestRealm1.release.xcconfig */ = {isa = PBXFileReference; includeInIndex = 1; lastKnownFileType = text.xcconfig; name = "Pods-TestRealm1.release.xcconfig"; path = "Pods/Target Support Files/Pods-TestRealm1/Pods-TestRealm1.release.xcconfig"; sourceTree = "<group>"; };
		68F591EBA2BDAED2008BF8D4 /* Pods_TestRealm1.framework */ = {isa = PBXFileReference; explicitFileType = wrapper.framework; includeInIndex = 0; path = Pods_TestRealm1.framework; sourceTree = BUILT_PRODUCTS_DIR; };
		DC13DFE80DA3B37EF02B6447 /* Pods-TestRealm1.debug.xcconfig */ = {isa = PBXFileReference; includeInIndex = 1; lastKnownFileType = text.xcconfig; name = "Pods-TestRealm1.debug.xcconfig"; path = "Pods/Target Support Files/Pods-TestRealm1/Pods-TestRealm1.debug.xcconfig"; sourceTree = "<group>"; };
		ED3C6F6D1CFDC1B700295BFE /* Note.swift */ = {isa = PBXFileReference; fileEncoding = 4; lastKnownFileType = sourcecode.swift; name = Note.swift; path = Model/Note.swift; sourceTree = "<group>"; };
		ED49E6C51CFD90BE00C56C8C /* TestRealm1.app */ = {isa = PBXFileReference; explicitFileType = wrapper.application; includeInIndex = 0; path = TestRealm1.app; sourceTree = BUILT_PRODUCTS_DIR; };
		ED49E6C81CFD90BE00C56C8C /* AppDelegate.swift */ = {isa = PBXFileReference; lastKnownFileType = sourcecode.swift; path = AppDelegate.swift; sourceTree = "<group>"; };
		ED49E6CA1CFD90BE00C56C8C /* ViewController.swift */ = {isa = PBXFileReference; lastKnownFileType = sourcecode.swift; path = ViewController.swift; sourceTree = "<group>"; };
		ED49E6CD1CFD90BE00C56C8C /* Base */ = {isa = PBXFileReference; lastKnownFileType = file.storyboard; name = Base; path = Base.lproj/Main.storyboard; sourceTree = "<group>"; };
		ED49E6D01CFD90BE00C56C8C /* TestRealm1.xcdatamodel */ = {isa = PBXFileReference; lastKnownFileType = wrapper.xcdatamodel; path = TestRealm1.xcdatamodel; sourceTree = "<group>"; };
		ED49E6D21CFD90BE00C56C8C /* Assets.xcassets */ = {isa = PBXFileReference; lastKnownFileType = folder.assetcatalog; path = Assets.xcassets; sourceTree = "<group>"; };
		ED49E6D51CFD90BE00C56C8C /* Base */ = {isa = PBXFileReference; lastKnownFileType = file.storyboard; name = Base; path = Base.lproj/LaunchScreen.storyboard; sourceTree = "<group>"; };
		ED49E6D71CFD90BE00C56C8C /* Info.plist */ = {isa = PBXFileReference; lastKnownFileType = text.plist.xml; path = Info.plist; sourceTree = "<group>"; };
/* End PBXFileReference section */

/* Begin PBXFrameworksBuildPhase section */
		ED49E6C21CFD90BE00C56C8C /* Frameworks */ = {
			isa = PBXFrameworksBuildPhase;
			buildActionMask = 2147483647;
			files = (
				4B02A26666DC43AE4F056F96 /* Pods_TestRealm1.framework in Frameworks */,
			);
			runOnlyForDeploymentPostprocessing = 0;
		};
/* End PBXFrameworksBuildPhase section */

/* Begin PBXGroup section */
		BFC122D17B835B01049F0B02 /* Frameworks */ = {
			isa = PBXGroup;
			children = (
				68F591EBA2BDAED2008BF8D4 /* Pods_TestRealm1.framework */,
			);
			name = Frameworks;
			sourceTree = "<group>";
		};
		D8657BE038898743FE7B79D5 /* Pods */ = {
			isa = PBXGroup;
			children = (
				DC13DFE80DA3B37EF02B6447 /* Pods-TestRealm1.debug.xcconfig */,
				64F1AEF21E8417746BD6A4A5 /* Pods-TestRealm1.release.xcconfig */,
			);
			name = Pods;
			sourceTree = "<group>";
		};
		ED49E6BC1CFD90BE00C56C8C = {
			isa = PBXGroup;
			children = (
				ED49E6C71CFD90BE00C56C8C /* TestRealm1 */,
				ED49E6C61CFD90BE00C56C8C /* Products */,
				D8657BE038898743FE7B79D5 /* Pods */,
				BFC122D17B835B01049F0B02 /* Frameworks */,
			);
			sourceTree = "<group>";
		};
		ED49E6C61CFD90BE00C56C8C /* Products */ = {
			isa = PBXGroup;
			children = (
				ED49E6C51CFD90BE00C56C8C /* TestRealm1.app */,
			);
			name = Products;
			sourceTree = "<group>";
		};
		ED49E6C71CFD90BE00C56C8C /* TestRealm1 */ = {
			isa = PBXGroup;
			children = (
				ED49E6DD1CFDA02600C56C8C /* Model */,
				ED49E6C81CFD90BE00C56C8C /* AppDelegate.swift */,
				ED49E6CA1CFD90BE00C56C8C /* ViewController.swift */,
				ED49E6CC1CFD90BE00C56C8C /* Main.storyboard */,
				ED49E6D21CFD90BE00C56C8C /* Assets.xcassets */,
				ED49E6D41CFD90BE00C56C8C /* LaunchScreen.storyboard */,
				ED49E6D71CFD90BE00C56C8C /* Info.plist */,
				ED49E6CF1CFD90BE00C56C8C /* TestRealm1.xcdatamodeld */,
			);
			path = TestRealm1;
			sourceTree = "<group>";
		};
		ED49E6DD1CFDA02600C56C8C /* Model */ = {
			isa = PBXGroup;
			children = (
				ED3C6F6D1CFDC1B700295BFE /* Note.swift */,
			);
			name = Model;
			sourceTree = "<group>";
		};
/* End PBXGroup section */

/* Begin PBXNativeTarget section */
		ED49E6C41CFD90BE00C56C8C /* TestRealm1 */ = {
			isa = PBXNativeTarget;
			buildConfigurationList = ED49E6DA1CFD90BE00C56C8C /* Build configuration list for PBXNativeTarget "TestRealm1" */;
			buildPhases = (
				BBFB5FBC2DC39835E272EA03 /* 📦 Check Pods Manifest.lock */,
				ED49E6C11CFD90BE00C56C8C /* Sources */,
				ED49E6C21CFD90BE00C56C8C /* Frameworks */,
				ED49E6C31CFD90BE00C56C8C /* Resources */,
				B347E61E0843EBA9A14A4773 /* 📦 Embed Pods Frameworks */,
				434423FA5AF4639C3261E67D /* 📦 Copy Pods Resources */,
			);
			buildRules = (
			);
			dependencies = (
			);
			name = TestRealm1;
			productName = TestRealm1;
			productReference = ED49E6C51CFD90BE00C56C8C /* TestRealm1.app */;
			productType = "com.apple.product-type.application";
		};
/* End PBXNativeTarget section */

/* Begin PBXProject section */
		ED49E6BD1CFD90BE00C56C8C /* Project object */ = {
			isa = PBXProject;
			attributes = {
				LastSwiftUpdateCheck = 0730;
				LastUpgradeCheck = 0730;
				ORGANIZATIONNAME = "Rosario Conti";
				TargetAttributes = {
					ED49E6C41CFD90BE00C56C8C = {
						CreatedOnToolsVersion = 7.3.1;
					};
				};
			};
			buildConfigurationList = ED49E6C01CFD90BE00C56C8C /* Build configuration list for PBXProject "TestRealm1" */;
			compatibilityVersion = "Xcode 3.2";
			developmentRegion = English;
			hasScannedForEncodings = 0;
			knownRegions = (
				en,
				Base,
			);
			mainGroup = ED49E6BC1CFD90BE00C56C8C;
			productRefGroup = ED49E6C61CFD90BE00C56C8C /* Products */;
			projectDirPath = "";
			projectRoot = "";
			targets = (
				ED49E6C41CFD90BE00C56C8C /* TestRealm1 */,
			);
		};
/* End PBXProject section */

/* Begin PBXResourcesBuildPhase section */
		ED49E6C31CFD90BE00C56C8C /* Resources */ = {
			isa = PBXResourcesBuildPhase;
			buildActionMask = 2147483647;
			files = (
				ED49E6D61CFD90BE00C56C8C /* LaunchScreen.storyboard in Resources */,
				ED49E6D31CFD90BE00C56C8C /* Assets.xcassets in Resources */,
				ED49E6CE1CFD90BE00C56C8C /* Main.storyboard in Resources */,
			);
			runOnlyForDeploymentPostprocessing = 0;
		};
/* End PBXResourcesBuildPhase section */

/* Begin PBXShellScriptBuildPhase section */
		434423FA5AF4639C3261E67D /* 📦 Copy Pods Resources */ = {
			isa = PBXShellScriptBuildPhase;
			buildActionMask = 2147483647;
			files = (
			);
			inputPaths = (
			);
			name = "📦 Copy Pods Resources";
			outputPaths = (
			);
			runOnlyForDeploymentPostprocessing = 0;
			shellPath = /bin/sh;
			shellScript = "\"${SRCROOT}/Pods/Target Support Files/Pods-TestRealm1/Pods-TestRealm1-resources.sh\"\n";
			showEnvVarsInLog = 0;
		};
		B347E61E0843EBA9A14A4773 /* 📦 Embed Pods Frameworks */ = {
			isa = PBXShellScriptBuildPhase;
			buildActionMask = 2147483647;
			files = (
			);
			inputPaths = (
			);
			name = "📦 Embed Pods Frameworks";
			outputPaths = (
			);
			runOnlyForDeploymentPostprocessing = 0;
			shellPath = /bin/sh;
			shellScript = "\"${SRCROOT}/Pods/Target Support Files/Pods-TestRealm1/Pods-TestRealm1-frameworks.sh\"\n";
			showEnvVarsInLog = 0;
		};
		BBFB5FBC2DC39835E272EA03 /* 📦 Check Pods Manifest.lock */ = {
			isa = PBXShellScriptBuildPhase;
			buildActionMask = 2147483647;
			files = (
			);
			inputPaths = (
			);
			name = "📦 Check Pods Manifest.lock";
			outputPaths = (
			);
			runOnlyForDeploymentPostprocessing = 0;
			shellPath = /bin/sh;
			shellScript = "diff \"${PODS_ROOT}/../Podfile.lock\" \"${PODS_ROOT}/Manifest.lock\" > /dev/null\nif [[ $? != 0 ]] ; then\n    cat << EOM\nerror: The sandbox is not in sync with the Podfile.lock. Run 'pod install' or update your CocoaPods installation.\nEOM\n    exit 1\nfi\n";
			showEnvVarsInLog = 0;
		};
/* End PBXShellScriptBuildPhase section */

/* Begin PBXSourcesBuildPhase section */
		ED49E6C11CFD90BE00C56C8C /* Sources */ = {
			isa = PBXSourcesBuildPhase;
			buildActionMask = 2147483647;
			files = (
				ED49E6CB1CFD90BE00C56C8C /* ViewController.swift in Sources */,
				ED49E6C91CFD90BE00C56C8C /* AppDelegate.swift in Sources */,
				ED49E6D11CFD90BE00C56C8C /* TestRealm1.xcdatamodeld in Sources */,
				ED3C6F6E1CFDC1B700295BFE /* Note.swift in Sources */,
			);
			runOnlyForDeploymentPostprocessing = 0;
		};
/* End PBXSourcesBuildPhase section */

/* Begin PBXVariantGroup section */
		ED49E6CC1CFD90BE00C56C8C /* Main.storyboard */ = {
			isa = PBXVariantGroup;
			children = (
				ED49E6CD1CFD90BE00C56C8C /* Base */,
			);
			name = Main.storyboard;
			sourceTree = "<group>";
		};
		ED49E6D41CFD90BE00C56C8C /* LaunchScreen.storyboard */ = {
			isa = PBXVariantGroup;
			children = (
				ED49E6D51CFD90BE00C56C8C /* Base */,
			);
			name = LaunchScreen.storyboard;
			sourceTree = "<group>";
		};
/* End PBXVariantGroup section */

/* Begin XCBuildConfiguration section */
		ED49E6D81CFD90BE00C56C8C /* Debug */ = {
			isa = XCBuildConfiguration;
			buildSettings = {
				ALWAYS_SEARCH_USER_PATHS = NO;
				CLANG_ANALYZER_NONNULL = YES;
				CLANG_CXX_LANGUAGE_STANDARD = "gnu++0x";
				CLANG_CXX_LIBRARY = "libc++";
				CLANG_ENABLE_MODULES = YES;
				CLANG_ENABLE_OBJC_ARC = YES;
				CLANG_WARN_BOOL_CONVERSION = YES;
				CLANG_WARN_CONSTANT_CONVERSION = YES;
				CLANG_WARN_DIRECT_OBJC_ISA_USAGE = YES_ERROR;
				CLANG_WARN_EMPTY_BODY = YES;
				CLANG_WARN_ENUM_CONVERSION = YES;
				CLANG_WARN_INT_CONVERSION = YES;
				CLANG_WARN_OBJC_ROOT_CLASS = YES_ERROR;
				CLANG_WARN_UNREACHABLE_CODE = YES;
				CLANG_WARN__DUPLICATE_METHOD_MATCH = YES;
				"CODE_SIGN_IDENTITY[sdk=iphoneos*]" = "iPhone Developer";
				COPY_PHASE_STRIP = NO;
				DEBUG_INFORMATION_FORMAT = dwarf;
				ENABLE_STRICT_OBJC_MSGSEND = YES;
				ENABLE_TESTABILITY = YES;
				GCC_C_LANGUAGE_STANDARD = gnu99;
				GCC_DYNAMIC_NO_PIC = NO;
				GCC_NO_COMMON_BLOCKS = YES;
				GCC_OPTIMIZATION_LEVEL = 0;
				GCC_PREPROCESSOR_DEFINITIONS = (
					"DEBUG=1",
					"$(inherited)",
				);
				GCC_WARN_64_TO_32_BIT_CONVERSION = YES;
				GCC_WARN_ABOUT_RETURN_TYPE = YES_ERROR;
				GCC_WARN_UNDECLARED_SELECTOR = YES;
				GCC_WARN_UNINITIALIZED_AUTOS = YES_AGGRESSIVE;
				GCC_WARN_UNUSED_FUNCTION = YES;
				GCC_WARN_UNUSED_VARIABLE = YES;
				IPHONEOS_DEPLOYMENT_TARGET = 9.3;
				MTL_ENABLE_DEBUG_INFO = YES;
				ONLY_ACTIVE_ARCH = YES;
				SDKROOT = iphoneos;
				SWIFT_OPTIMIZATION_LEVEL = "-Onone";
				TARGETED_DEVICE_FAMILY = "1,2";
			};
			name = Debug;
		};
		ED49E6D91CFD90BE00C56C8C /* Release */ = {
			isa = XCBuildConfiguration;
			buildSettings = {
				ALWAYS_SEARCH_USER_PATHS = NO;
				CLANG_ANALYZER_NONNULL = YES;
				CLANG_CXX_LANGUAGE_STANDARD = "gnu++0x";
				CLANG_CXX_LIBRARY = "libc++";
				CLANG_ENABLE_MODULES = YES;
				CLANG_ENABLE_OBJC_ARC = YES;
				CLANG_WARN_BOOL_CONVERSION = YES;
				CLANG_WARN_CONSTANT_CONVERSION = YES;
				CLANG_WARN_DIRECT_OBJC_ISA_USAGE = YES_ERROR;
				CLANG_WARN_EMPTY_BODY = YES;
				CLANG_WARN_ENUM_CONVERSION = YES;
				CLANG_WARN_INT_CONVERSION = YES;
				CLANG_WARN_OBJC_ROOT_CLASS = YES_ERROR;
				CLANG_WARN_UNREACHABLE_CODE = YES;
				CLANG_WARN__DUPLICATE_METHOD_MATCH = YES;
				"CODE_SIGN_IDENTITY[sdk=iphoneos*]" = "iPhone Developer";
				COPY_PHASE_STRIP = NO;
				DEBUG_INFORMATION_FORMAT = "dwarf-with-dsym";
				ENABLE_NS_ASSERTIONS = NO;
				ENABLE_STRICT_OBJC_MSGSEND = YES;
				GCC_C_LANGUAGE_STANDARD = gnu99;
				GCC_NO_COMMON_BLOCKS = YES;
				GCC_WARN_64_TO_32_BIT_CONVERSION = YES;
				GCC_WARN_ABOUT_RETURN_TYPE = YES_ERROR;
				GCC_WARN_UNDECLARED_SELECTOR = YES;
				GCC_WARN_UNINITIALIZED_AUTOS = YES_AGGRESSIVE;
				GCC_WARN_UNUSED_FUNCTION = YES;
				GCC_WARN_UNUSED_VARIABLE = YES;
				IPHONEOS_DEPLOYMENT_TARGET = 9.3;
				MTL_ENABLE_DEBUG_INFO = NO;
				SDKROOT = iphoneos;
				TARGETED_DEVICE_FAMILY = "1,2";
				VALIDATE_PRODUCT = YES;
			};
			name = Release;
		};
		ED49E6DB1CFD90BE00C56C8C /* Debug */ = {
			isa = XCBuildConfiguration;
			baseConfigurationReference = DC13DFE80DA3B37EF02B6447 /* Pods-TestRealm1.debug.xcconfig */;
			buildSettings = {
				ASSETCATALOG_COMPILER_APPICON_NAME = AppIcon;
				CODE_SIGN_IDENTITY = "iPhone Developer";
				"CODE_SIGN_IDENTITY[sdk=iphoneos*]" = "iPhone Developer";
				INFOPLIST_FILE = TestRealm1/Info.plist;
				LD_RUNPATH_SEARCH_PATHS = "$(inherited) @executable_path/Frameworks";
				PRODUCT_BUNDLE_IDENTIFIER = com.TestRealm1;
				PRODUCT_NAME = "$(TARGET_NAME)";
				PROVISIONING_PROFILE = "";
			};
			name = Debug;
		};
		ED49E6DC1CFD90BE00C56C8C /* Release */ = {
			isa = XCBuildConfiguration;
			baseConfigurationReference = 64F1AEF21E8417746BD6A4A5 /* Pods-TestRealm1.release.xcconfig */;
			buildSettings = {
				ASSETCATALOG_COMPILER_APPICON_NAME = AppIcon;
				CODE_SIGN_IDENTITY = "iPhone Developer";
				"CODE_SIGN_IDENTITY[sdk=iphoneos*]" = "iPhone Developer";
				INFOPLIST_FILE = TestRealm1/Info.plist;
				LD_RUNPATH_SEARCH_PATHS = "$(inherited) @executable_path/Frameworks";
				PRODUCT_BUNDLE_IDENTIFIER = com.TestRealm1;
				PRODUCT_NAME = "$(TARGET_NAME)";
				PROVISIONING_PROFILE = "";
			};
			name = Release;
		};
/* End XCBuildConfiguration section */

/* Begin XCConfigurationList section */
		ED49E6C01CFD90BE00C56C8C /* Build configuration list for PBXProject "TestRealm1" */ = {
			isa = XCConfigurationList;
			buildConfigurations = (
				ED49E6D81CFD90BE00C56C8C /* Debug */,
				ED49E6D91CFD90BE00C56C8C /* Release */,
			);
			defaultConfigurationIsVisible = 0;
			defaultConfigurationName = Release;
		};
		ED49E6DA1CFD90BE00C56C8C /* Build configuration list for PBXNativeTarget "TestRealm1" */ = {
			isa = XCConfigurationList;
			buildConfigurations = (
				ED49E6DB1CFD90BE00C56C8C /* Debug */,
				ED49E6DC1CFD90BE00C56C8C /* Release */,
			);
			defaultConfigurationIsVisible = 0;
			defaultConfigurationName = Release;
		};
/* End XCConfigurationList section */

/* Begin XCVersionGroup section */
		ED49E6CF1CFD90BE00C56C8C /* TestRealm1.xcdatamodeld */ = {
			isa = XCVersionGroup;
			children = (
				ED49E6D01CFD90BE00C56C8C /* TestRealm1.xcdatamodel */,
			);
			currentVersion = ED49E6D01CFD90BE00C56C8C /* TestRealm1.xcdatamodel */;
			path = TestRealm1.xcdatamodeld;
			sourceTree = "<group>";
			versionGroupType = wrapper.xcdatamodel;
		};
/* End XCVersionGroup section */
	};
	rootObject = ED49E6BD1CFD90BE00C56C8C /* Project object */;
}
