// !$*UTF8*$!
{
	archiveVersion = 1;
	classes = {
	};
	objectVersion = 46;
	objects = {

/* Begin PBXBuildFile section */
		96DE8ACC1CE93A340067FBA3 /* main.m in Sources */ = {isa = PBXBuildFile; fileRef = 96DE8ACB1CE93A340067FBA3 /* main.m */; };
		96DE8ACF1CE93A340067FBA3 /* AppDelegate.m in Sources */ = {isa = PBXBuildFile; fileRef = 96DE8ACE1CE93A340067FBA3 /* AppDelegate.m */; };
		96DE8AD21CE93A350067FBA3 /* ViewController.m in Sources */ = {isa = PBXBuildFile; fileRef = 96DE8AD11CE93A340067FBA3 /* ViewController.m */; };
		96DE8AD51CE93A350067FBA3 /* Main.storyboard in Resources */ = {isa = PBXBuildFile; fileRef = 96DE8AD31CE93A350067FBA3 /* Main.storyboard */; };
		96DE8AD81CE93A350067FBA3 /* IceTest.xcdatamodeld in Sources */ = {isa = PBXBuildFile; fileRef = 96DE8AD61CE93A350067FBA3 /* IceTest.xcdatamodeld */; };
		96DE8ADA1CE93A350067FBA3 /* Assets.xcassets in Resources */ = {isa = PBXBuildFile; fileRef = 96DE8AD91CE93A350067FBA3 /* Assets.xcassets */; };
		96DE8ADD1CE93A350067FBA3 /* LaunchScreen.storyboard in Resources */ = {isa = PBXBuildFile; fileRef = 96DE8ADB1CE93A350067FBA3 /* LaunchScreen.storyboard */; };
		96DE8AE81CE93CCF0067FBA3 /* FeedViewCell.m in Sources */ = {isa = PBXBuildFile; fileRef = 96DE8AE71CE93CCF0067FBA3 /* FeedViewCell.m */; };
		96DE8AEC1CE9411F0067FBA3 /* DataManager.m in Sources */ = {isa = PBXBuildFile; fileRef = 96DE8AEB1CE9411F0067FBA3 /* DataManager.m */; };
		96DE8AEF1CEA5BFD0067FBA3 /* MovieExtra.m in Sources */ = {isa = PBXBuildFile; fileRef = 96DE8AEE1CEA5BFD0067FBA3 /* MovieExtra.m */; };
		96DE8AF31CEA729F0067FBA3 /* DetailViewController.m in Sources */ = {isa = PBXBuildFile; fileRef = 96DE8AF21CEA729F0067FBA3 /* DetailViewController.m */; };
/* End PBXBuildFile section */

/* Begin PBXFileReference section */
		96DE8AC71CE93A340067FBA3 /* OMDbApiTest.app */ = {isa = PBXFileReference; explicitFileType = wrapper.application; includeInIndex = 0; path = OMDbApiTest.app; sourceTree = BUILT_PRODUCTS_DIR; };
		96DE8ACB1CE93A340067FBA3 /* main.m */ = {isa = PBXFileReference; lastKnownFileType = sourcecode.c.objc; path = main.m; sourceTree = "<group>"; };
		96DE8ACD1CE93A340067FBA3 /* AppDelegate.h */ = {isa = PBXFileReference; lastKnownFileType = sourcecode.c.h; path = AppDelegate.h; sourceTree = "<group>"; };
		96DE8ACE1CE93A340067FBA3 /* AppDelegate.m */ = {isa = PBXFileReference; lastKnownFileType = sourcecode.c.objc; path = AppDelegate.m; sourceTree = "<group>"; };
		96DE8AD01CE93A340067FBA3 /* ViewController.h */ = {isa = PBXFileReference; lastKnownFileType = sourcecode.c.h; path = ViewController.h; sourceTree = "<group>"; };
		96DE8AD11CE93A340067FBA3 /* ViewController.m */ = {isa = PBXFileReference; lastKnownFileType = sourcecode.c.objc; path = ViewController.m; sourceTree = "<group>"; };
		96DE8AD41CE93A350067FBA3 /* Base */ = {isa = PBXFileReference; lastKnownFileType = file.storyboard; name = Base; path = Base.lproj/Main.storyboard; sourceTree = "<group>"; };
		96DE8AD71CE93A350067FBA3 /* IceTest.xcdatamodel */ = {isa = PBXFileReference; lastKnownFileType = wrapper.xcdatamodel; path = IceTest.xcdatamodel; sourceTree = "<group>"; };
		96DE8AD91CE93A350067FBA3 /* Assets.xcassets */ = {isa = PBXFileReference; lastKnownFileType = folder.assetcatalog; path = Assets.xcassets; sourceTree = "<group>"; };
		96DE8ADC1CE93A350067FBA3 /* Base */ = {isa = PBXFileReference; lastKnownFileType = file.storyboard; name = Base; path = Base.lproj/LaunchScreen.storyboard; sourceTree = "<group>"; };
		96DE8ADE1CE93A350067FBA3 /* Info.plist */ = {isa = PBXFileReference; lastKnownFileType = text.plist.xml; path = Info.plist; sourceTree = "<group>"; };
		96DE8AE61CE93CCF0067FBA3 /* FeedViewCell.h */ = {isa = PBXFileReference; fileEncoding = 4; lastKnownFileType = sourcecode.c.h; name = FeedViewCell.h; path = ItemCells/FeedViewCell.h; sourceTree = "<group>"; };
		96DE8AE71CE93CCF0067FBA3 /* FeedViewCell.m */ = {isa = PBXFileReference; fileEncoding = 4; lastKnownFileType = sourcecode.c.objc; name = FeedViewCell.m; path = ItemCells/FeedViewCell.m; sourceTree = "<group>"; };
		96DE8AEA1CE9411F0067FBA3 /* DataManager.h */ = {isa = PBXFileReference; fileEncoding = 4; lastKnownFileType = sourcecode.c.h; path = DataManager.h; sourceTree = "<group>"; };
		96DE8AEB1CE9411F0067FBA3 /* DataManager.m */ = {isa = PBXFileReference; fileEncoding = 4; lastKnownFileType = sourcecode.c.objc; path = DataManager.m; sourceTree = "<group>"; };
		96DE8AED1CEA5BFD0067FBA3 /* MovieExtra.h */ = {isa = PBXFileReference; fileEncoding = 4; lastKnownFileType = sourcecode.c.h; name = MovieExtra.h; path = Models/MovieExtra.h; sourceTree = "<group>"; };
		96DE8AEE1CEA5BFD0067FBA3 /* MovieExtra.m */ = {isa = PBXFileReference; fileEncoding = 4; lastKnownFileType = sourcecode.c.objc; name = MovieExtra.m; path = Models/MovieExtra.m; sourceTree = "<group>"; };
		96DE8AF11CEA729F0067FBA3 /* DetailViewController.h */ = {isa = PBXFileReference; fileEncoding = 4; lastKnownFileType = sourcecode.c.h; path = DetailViewController.h; sourceTree = "<group>"; };
		96DE8AF21CEA729F0067FBA3 /* DetailViewController.m */ = {isa = PBXFileReference; fileEncoding = 4; lastKnownFileType = sourcecode.c.objc; path = DetailViewController.m; sourceTree = "<group>"; };
/* End PBXFileReference section */

/* Begin PBXFrameworksBuildPhase section */
		96DE8AC41CE93A340067FBA3 /* Frameworks */ = {
			isa = PBXFrameworksBuildPhase;
			buildActionMask = 2147483647;
			files = (
			);
			runOnlyForDeploymentPostprocessing = 0;
		};
/* End PBXFrameworksBuildPhase section */

/* Begin PBXGroup section */
		96DE8ABE1CE93A340067FBA3 = {
			isa = PBXGroup;
			children = (
				96DE8AC91CE93A340067FBA3 /* OMDbApiTest */,
				96DE8AC81CE93A340067FBA3 /* Products */,
			);
			sourceTree = "<group>";
		};
		96DE8AC81CE93A340067FBA3 /* Products */ = {
			isa = PBXGroup;
			children = (
				96DE8AC71CE93A340067FBA3 /* OMDbApiTest.app */,
			);
			name = Products;
			sourceTree = "<group>";
		};
		96DE8AC91CE93A340067FBA3 /* OMDbApiTest */ = {
			isa = PBXGroup;
			children = (
				96DE8AE91CE940FB0067FBA3 /* Singleton */,
				96DE8AE51CE93C7C0067FBA3 /* ItemCells */,
				96DE8AE41CE93C290067FBA3 /* Models */,
				96DE8ACD1CE93A340067FBA3 /* AppDelegate.h */,
				96DE8ACE1CE93A340067FBA3 /* AppDelegate.m */,
				96DE8AD01CE93A340067FBA3 /* ViewController.h */,
				96DE8AD11CE93A340067FBA3 /* ViewController.m */,
				96DE8AF11CEA729F0067FBA3 /* DetailViewController.h */,
				96DE8AF21CEA729F0067FBA3 /* DetailViewController.m */,
				96DE8AD31CE93A350067FBA3 /* Main.storyboard */,
				96DE8AD91CE93A350067FBA3 /* Assets.xcassets */,
				96DE8ADB1CE93A350067FBA3 /* LaunchScreen.storyboard */,
				96DE8ADE1CE93A350067FBA3 /* Info.plist */,
				96DE8AD61CE93A350067FBA3 /* IceTest.xcdatamodeld */,
				96DE8ACA1CE93A340067FBA3 /* Supporting Files */,
			);
			name = OMDbApiTest;
			path = IceTest;
			sourceTree = "<group>";
		};
		96DE8ACA1CE93A340067FBA3 /* Supporting Files */ = {
			isa = PBXGroup;
			children = (
				96DE8ACB1CE93A340067FBA3 /* main.m */,
			);
			name = "Supporting Files";
			sourceTree = "<group>";
		};
		96DE8AE41CE93C290067FBA3 /* Models */ = {
			isa = PBXGroup;
			children = (
				96DE8AED1CEA5BFD0067FBA3 /* MovieExtra.h */,
				96DE8AEE1CEA5BFD0067FBA3 /* MovieExtra.m */,
			);
			name = Models;
			sourceTree = "<group>";
		};
		96DE8AE51CE93C7C0067FBA3 /* ItemCells */ = {
			isa = PBXGroup;
			children = (
				96DE8AE61CE93CCF0067FBA3 /* FeedViewCell.h */,
				96DE8AE71CE93CCF0067FBA3 /* FeedViewCell.m */,
			);
			name = ItemCells;
			sourceTree = "<group>";
		};
		96DE8AE91CE940FB0067FBA3 /* Singleton */ = {
			isa = PBXGroup;
			children = (
				96DE8AEA1CE9411F0067FBA3 /* DataManager.h */,
				96DE8AEB1CE9411F0067FBA3 /* DataManager.m */,
			);
			name = Singleton;
			sourceTree = "<group>";
		};
/* End PBXGroup section */

/* Begin PBXNativeTarget section */
		96DE8AC61CE93A340067FBA3 /* OMDbApiTest */ = {
			isa = PBXNativeTarget;
			buildConfigurationList = 96DE8AE11CE93A350067FBA3 /* Build configuration list for PBXNativeTarget "OMDbApiTest" */;
			buildPhases = (
				96DE8AC31CE93A340067FBA3 /* Sources */,
				96DE8AC41CE93A340067FBA3 /* Frameworks */,
				96DE8AC51CE93A340067FBA3 /* Resources */,
			);
			buildRules = (
			);
			dependencies = (
			);
			name = OMDbApiTest;
			productName = IceTest;
			productReference = 96DE8AC71CE93A340067FBA3 /* OMDbApiTest.app */;
			productType = "com.apple.product-type.application";
		};
/* End PBXNativeTarget section */

/* Begin PBXProject section */
		96DE8ABF1CE93A340067FBA3 /* Project object */ = {
			isa = PBXProject;
			attributes = {
				LastUpgradeCheck = 0730;
				TargetAttributes = {
					96DE8AC61CE93A340067FBA3 = {
						CreatedOnToolsVersion = 7.3.1;
					};
				};
			};
			buildConfigurationList = 96DE8AC21CE93A340067FBA3 /* Build configuration list for PBXProject "OMDbApiTest" */;
			compatibilityVersion = "Xcode 3.2";
			developmentRegion = English;
			hasScannedForEncodings = 0;
			knownRegions = (
				en,
				Base,
			);
			mainGroup = 96DE8ABE1CE93A340067FBA3;
			productRefGroup = 96DE8AC81CE93A340067FBA3 /* Products */;
			projectDirPath = "";
			projectRoot = "";
			targets = (
				96DE8AC61CE93A340067FBA3 /* OMDbApiTest */,
			);
		};
/* End PBXProject section */

/* Begin PBXResourcesBuildPhase section */
		96DE8AC51CE93A340067FBA3 /* Resources */ = {
			isa = PBXResourcesBuildPhase;
			buildActionMask = 2147483647;
			files = (
				96DE8ADD1CE93A350067FBA3 /* LaunchScreen.storyboard in Resources */,
				96DE8ADA1CE93A350067FBA3 /* Assets.xcassets in Resources */,
				96DE8AD51CE93A350067FBA3 /* Main.storyboard in Resources */,
			);
			runOnlyForDeploymentPostprocessing = 0;
		};
/* End PBXResourcesBuildPhase section */

/* Begin PBXSourcesBuildPhase section */
		96DE8AC31CE93A340067FBA3 /* Sources */ = {
			isa = PBXSourcesBuildPhase;
			buildActionMask = 2147483647;
			files = (
				96DE8AE81CE93CCF0067FBA3 /* FeedViewCell.m in Sources */,
				96DE8AEC1CE9411F0067FBA3 /* DataManager.m in Sources */,
				96DE8AD21CE93A350067FBA3 /* ViewController.m in Sources */,
				96DE8AF31CEA729F0067FBA3 /* DetailViewController.m in Sources */,
				96DE8AEF1CEA5BFD0067FBA3 /* MovieExtra.m in Sources */,
				96DE8AD81CE93A350067FBA3 /* IceTest.xcdatamodeld in Sources */,
				96DE8ACF1CE93A340067FBA3 /* AppDelegate.m in Sources */,
				96DE8ACC1CE93A340067FBA3 /* main.m in Sources */,
			);
			runOnlyForDeploymentPostprocessing = 0;
		};
/* End PBXSourcesBuildPhase section */

/* Begin PBXVariantGroup section */
		96DE8AD31CE93A350067FBA3 /* Main.storyboard */ = {
			isa = PBXVariantGroup;
			children = (
				96DE8AD41CE93A350067FBA3 /* Base */,
			);
			name = Main.storyboard;
			sourceTree = "<group>";
		};
		96DE8ADB1CE93A350067FBA3 /* LaunchScreen.storyboard */ = {
			isa = PBXVariantGroup;
			children = (
				96DE8ADC1CE93A350067FBA3 /* Base */,
			);
			name = LaunchScreen.storyboard;
			sourceTree = "<group>";
		};
/* End PBXVariantGroup section */

/* Begin XCBuildConfiguration section */
		96DE8ADF1CE93A350067FBA3 /* Debug */ = {
			isa = XCBuildConfiguration;
			buildSettings = {
				ALWAYS_SEARCH_USER_PATHS = NO;
				CLANG_ANALYZER_NONNULL = YES;
				CLANG_CXX_LANGUAGE_STANDARD = "gnu++0x";
				CLANG_CXX_LIBRARY = "libc++";
				CLANG_ENABLE_MODULES = YES;
				CLANG_ENABLE_OBJC_ARC = YES;
				CLANG_WARN_BOOL_CONVERSION = YES;
				CLANG_WARN_CONSTANT_CONVERSION = YES;
				CLANG_WARN_DIRECT_OBJC_ISA_USAGE = YES_ERROR;
				CLANG_WARN_EMPTY_BODY = YES;
				CLANG_WARN_ENUM_CONVERSION = YES;
				CLANG_WARN_INT_CONVERSION = YES;
				CLANG_WARN_OBJC_ROOT_CLASS = YES_ERROR;
				CLANG_WARN_UNREACHABLE_CODE = YES;
				CLANG_WARN__DUPLICATE_METHOD_MATCH = YES;
				"CODE_SIGN_IDENTITY[sdk=iphoneos*]" = "iPhone Developer";
				COPY_PHASE_STRIP = NO;
				DEBUG_INFORMATION_FORMAT = dwarf;
				ENABLE_STRICT_OBJC_MSGSEND = YES;
				ENABLE_TESTABILITY = YES;
				GCC_C_LANGUAGE_STANDARD = gnu99;
				GCC_DYNAMIC_NO_PIC = NO;
				GCC_NO_COMMON_BLOCKS = YES;
				GCC_OPTIMIZATION_LEVEL = 0;
				GCC_PREPROCESSOR_DEFINITIONS = (
					"DEBUG=1",
					"$(inherited)",
				);
				GCC_WARN_64_TO_32_BIT_CONVERSION = YES;
				GCC_WARN_ABOUT_RETURN_TYPE = YES_ERROR;
				GCC_WARN_UNDECLARED_SELECTOR = YES;
				GCC_WARN_UNINITIALIZED_AUTOS = YES_AGGRESSIVE;
				GCC_WARN_UNUSED_FUNCTION = YES;
				GCC_WARN_UNUSED_VARIABLE = YES;
				IPHONEOS_DEPLOYMENT_TARGET = 9.3;
				MTL_ENABLE_DEBUG_INFO = YES;
				ONLY_ACTIVE_ARCH = YES;
				SDKROOT = iphoneos;
			};
			name = Debug;
		};
		96DE8AE01CE93A350067FBA3 /* Release */ = {
			isa = XCBuildConfiguration;
			buildSettings = {
				ALWAYS_SEARCH_USER_PATHS = NO;
				CLANG_ANALYZER_NONNULL = YES;
				CLANG_CXX_LANGUAGE_STANDARD = "gnu++0x";
				CLANG_CXX_LIBRARY = "libc++";
				CLANG_ENABLE_MODULES = YES;
				CLANG_ENABLE_OBJC_ARC = YES;
				CLANG_WARN_BOOL_CONVERSION = YES;
				CLANG_WARN_CONSTANT_CONVERSION = YES;
				CLANG_WARN_DIRECT_OBJC_ISA_USAGE = YES_ERROR;
				CLANG_WARN_EMPTY_BODY = YES;
				CLANG_WARN_ENUM_CONVERSION = YES;
				CLANG_WARN_INT_CONVERSION = YES;
				CLANG_WARN_OBJC_ROOT_CLASS = YES_ERROR;
				CLANG_WARN_UNREACHABLE_CODE = YES;
				CLANG_WARN__DUPLICATE_METHOD_MATCH = YES;
				"CODE_SIGN_IDENTITY[sdk=iphoneos*]" = "iPhone Developer";
				COPY_PHASE_STRIP = NO;
				DEBUG_INFORMATION_FORMAT = "dwarf-with-dsym";
				ENABLE_NS_ASSERTIONS = NO;
				ENABLE_STRICT_OBJC_MSGSEND = YES;
				GCC_C_LANGUAGE_STANDARD = gnu99;
				GCC_NO_COMMON_BLOCKS = YES;
				GCC_WARN_64_TO_32_BIT_CONVERSION = YES;
				GCC_WARN_ABOUT_RETURN_TYPE = YES_ERROR;
				GCC_WARN_UNDECLARED_SELECTOR = YES;
				GCC_WARN_UNINITIALIZED_AUTOS = YES_AGGRESSIVE;
				GCC_WARN_UNUSED_FUNCTION = YES;
				GCC_WARN_UNUSED_VARIABLE = YES;
				IPHONEOS_DEPLOYMENT_TARGET = 9.3;
				MTL_ENABLE_DEBUG_INFO = NO;
				SDKROOT = iphoneos;
				VALIDATE_PRODUCT = YES;
			};
			name = Release;
		};
		96DE8AE21CE93A350067FBA3 /* Debug */ = {
			isa = XCBuildConfiguration;
			buildSettings = {
				ASSETCATALOG_COMPILER_APPICON_NAME = AppIcon;
				INFOPLIST_FILE = IceTest/Info.plist;
				LD_RUNPATH_SEARCH_PATHS = "$(inherited) @executable_path/Frameworks";
				PRODUCT_BUNDLE_IDENTIFIER = com.rosarioconti;
				PRODUCT_NAME = OMDbApiTest;
			};
			name = Debug;
		};
		96DE8AE31CE93A350067FBA3 /* Release */ = {
			isa = XCBuildConfiguration;
			buildSettings = {
				ASSETCATALOG_COMPILER_APPICON_NAME = AppIcon;
				INFOPLIST_FILE = IceTest/Info.plist;
				LD_RUNPATH_SEARCH_PATHS = "$(inherited) @executable_path/Frameworks";
				PRODUCT_BUNDLE_IDENTIFIER = com.rosarioconti;
				PRODUCT_NAME = OMDbApiTest;
			};
			name = Release;
		};
/* End XCBuildConfiguration section */

/* Begin XCConfigurationList section */
		96DE8AC21CE93A340067FBA3 /* Build configuration list for PBXProject "OMDbApiTest" */ = {
			isa = XCConfigurationList;
			buildConfigurations = (
				96DE8ADF1CE93A350067FBA3 /* Debug */,
				96DE8AE01CE93A350067FBA3 /* Release */,
			);
			defaultConfigurationIsVisible = 0;
			defaultConfigurationName = Release;
		};
		96DE8AE11CE93A350067FBA3 /* Build configuration list for PBXNativeTarget "OMDbApiTest" */ = {
			isa = XCConfigurationList;
			buildConfigurations = (
				96DE8AE21CE93A350067FBA3 /* Debug */,
				96DE8AE31CE93A350067FBA3 /* Release */,
			);
			defaultConfigurationIsVisible = 0;
		};
/* End XCConfigurationList section */

/* Begin XCVersionGroup section */
		96DE8AD61CE93A350067FBA3 /* IceTest.xcdatamodeld */ = {
			isa = XCVersionGroup;
			children = (
				96DE8AD71CE93A350067FBA3 /* IceTest.xcdatamodel */,
			);
			currentVersion = 96DE8AD71CE93A350067FBA3 /* IceTest.xcdatamodel */;
			path = IceTest.xcdatamodeld;
			sourceTree = "<group>";
			versionGroupType = wrapper.xcdatamodel;
		};
/* End XCVersionGroup section */
	};
	rootObject = 96DE8ABF1CE93A340067FBA3 /* Project object */;
}
